
Microsoft Visual Studio Solution File, Format Version 11.00
# Visual Studio 2010
Project("{8BC9CEB8-8B4A-11D0-8D11-00A0C91BC942}") = "4Ps-financial-tracker", "4Ps-financial-tracker\4Ps-financial-tracker.vcxproj", "{52D082DD-E1B5-4247-9D11-04F99F831880}"
EndProject
Global
	GlobalSection(SolutionConfigurationPlatforms) = preSolution
		Debug|Win32 = Debug|Win32
		Release|Win32 = Release|Win32
	EndGlobalSection
	GlobalSection(ProjectConfigurationPlatforms) = postSolution
		{52D082DD-E1B5-4247-9D11-04F99F831880}.Debug|Win32.ActiveCfg = Debug|Win32
		{52D082DD-E1B5-4247-9D11-04F99F831880}.Debug|Win32.Build.0 = Debug|Win32
		{52D082DD-E1B5-4247-9D11-04F99F831880}.Release|Win32.ActiveCfg = Release|Win32
		{52D082DD-E1B5-4247-9D11-04F99F831880}.Release|Win32.Build.0 = Release|Win32
	EndGlobalSection
	GlobalSection(SolutionProperties) = preSolution
		HideSolutionNode = FALSE
	EndGlobalSection
EndGlobal
